
Microsoft Visual Studio Solution File, Format Version 12.00
# Visual Studio Version 17
VisualStudioVersion = 17.0.31903.59
MinimumVisualStudioVersion = 10.0.40219.1
Project("{2150E333-8FDC-42A3-9474-1A3956D46DE8}") = "src", "src", "{827E0CD3-B72D-47B6-A68D-7590B98EB39B}"
EndProject
Project("{FAE04EC0-301F-11D3-BF4B-00C04F79EFBC}") = "ATAG.Costing.Domain", "src\ATAG.Costing.Domain\ATAG.Costing.Domain.csproj", "{8CFD6E0A-1597-4D47-9EBA-65596F95DBCE}"
EndProject
Project("{FAE04EC0-301F-11D3-BF4B-00C04F79EFBC}") = "ATAG.Costing.Application", "src\ATAG.Costing.Application\ATAG.Costing.Application.csproj", "{90CDC03F-AAC2-45FB-A2F1-172D37869151}"
EndProject
Project("{FAE04EC0-301F-11D3-BF4B-00C04F79EFBC}") = "ATAG.Costing.Infrastructure", "src\ATAG.Costing.Infrastructure\ATAG.Costing.Infrastructure.csproj", "{6F27852A-F045-4152-8E81-FD80F2E7CD17}"
EndProject
Project("{FAE04EC0-301F-11D3-BF4B-00C04F79EFBC}") = "ATAG.Costing.Reporting", "src\ATAG.Costing.Reporting\ATAG.Costing.Reporting.csproj", "{64D91F05-6352-4E78-AE42-7EDB2FAC3328}"
EndProject
Project("{FAE04EC0-301F-11D3-BF4B-00C04F79EFBC}") = "ATAG.Costing.WinUI", "src\ATAG.Costing.WinUI\ATAG.Costing.WinUI.csproj", "{1B48BB9B-2555-4976-BDDB-86C53E0C6BC9}"
EndProject
Project("{2150E333-8FDC-42A3-9474-00C04F79EFBC}") = "tests", "tests", "{3D9B8B5F-C46F-42BD-9E68-95A499C4D001}"
EndProject
Project("{FAE04EC0-301F-11D3-BF4B-00C04F79EFBC}") = "ATAG.Costing.Domain.Tests", "tests\ATAG.Costing.Domain.Tests\ATAG.Costing.Domain.Tests.csproj", "{E6E993CC-8A06-4DE9-83CC-4892D22E6A42}"
EndProject
Project("{FAE04EC0-301F-11D3-BF4B-00C04F79EFBC}") = "ATAG.Costing.WorkbookParity.Tests", "tests\ATAG.Costing.WorkbookParity.Tests\ATAG.Costing.WorkbookParity.Tests.csproj", "{B37A2B45-72AB-44E3-8EA7-6308657201A6}"
EndProject
Project("{FAE04EC0-301F-11D3-BF4B-00C04F79EFBC}") = "ATAG.Costing.Application.Tests", "tests\ATAG.Costing.Application.Tests\ATAG.Costing.Application.Tests.csproj", "{F4A8C289-4B2F-4B97-9A59-712EA421D903}"
EndProject
Global
	GlobalSection(SolutionConfigurationPlatforms) = preSolution
		Debug|Any CPU = Debug|Any CPU
		Debug|x64 = Debug|x64
		Debug|x86 = Debug|x86
		Release|Any CPU = Release|Any CPU
		Release|x64 = Release|x64
		Release|x86 = Release|x86
	EndGlobalSection
	GlobalSection(ProjectConfigurationPlatforms) = postSolution
		{8CFD6E0A-1597-4D47-9EBA-65596F95DBCE}.Debug|Any CPU.ActiveCfg = Debug|Any CPU
		{8CFD6E0A-1597-4D47-9EBA-65596F95DBCE}.Debug|Any CPU.Build.0 = Debug|Any CPU
		{8CFD6E0A-1597-4D47-9EBA-65596F95DBCE}.Debug|x64.ActiveCfg = Debug|Any CPU
		{8CFD6E0A-1597-4D47-9EBA-65596F95DBCE}.Debug|x64.Build.0 = Debug|Any CPU
		{8CFD6E0A-1597-4D47-9EBA-65596F95DBCE}.Debug|x86.ActiveCfg = Debug|Any CPU
		{8CFD6E0A-1597-4D47-9EBA-65596F95DBCE}.Debug|x86.Build.0 = Debug|Any CPU
		{8CFD6E0A-1597-4D47-9EBA-65596F95DBCE}.Release|Any CPU.ActiveCfg = Release|Any CPU
		{8CFD6E0A-1597-4D47-9EBA-65596F95DBCE}.Release|Any CPU.Build.0 = Release|Any CPU
		{8CFD6E0A-1597-4D47-9EBA-65596F95DBCE}.Release|x64.ActiveCfg = Release|Any CPU
		{8CFD6E0A-1597-4D47-9EBA-65596F95DBCE}.Release|x64.Build.0 = Release|Any CPU
		{8CFD6E0A-1597-4D47-9EBA-65596F95DBCE}.Release|x86.ActiveCfg = Release|Any CPU
		{8CFD6E0A-1597-4D47-9EBA-65596F95DBCE}.Release|x86.Build.0 = Release|Any CPU
		{90CDC03F-AAC2-45FB-A2F1-172D37869151}.Debug|Any CPU.ActiveCfg = Debug|Any CPU
		{90CDC03F-AAC2-45FB-A2F1-172D37869151}.Debug|Any CPU.Build.0 = Debug|Any CPU
		{90CDC03F-AAC2-45FB-A2F1-172D37869151}.Debug|x64.ActiveCfg = Debug|Any CPU
		{90CDC03F-AAC2-45FB-A2F1-172D37869151}.Debug|x64.Build.0 = Debug|Any CPU
		{90CDC03F-AAC2-45FB-A2F1-172D37869151}.Debug|x86.ActiveCfg = Debug|Any CPU
		{90CDC03F-AAC2-45FB-A2F1-172D37869151}.Debug|x86.Build.0 = Debug|Any CPU
		{90CDC03F-AAC2-45FB-A2F1-172D37869151}.Release|Any CPU.ActiveCfg = Release|Any CPU
		{90CDC03F-AAC2-45FB-A2F1-172D37869151}.Release|Any CPU.Build.0 = Release|Any CPU
		{90CDC03F-AAC2-45FB-A2F1-172D37869151}.Release|x64.ActiveCfg = Release|Any CPU
		{90CDC03F-AAC2-45FB-A2F1-172D37869151}.Release|x64.Build.0 = Release|Any CPU
		{90CDC03F-AAC2-45FB-A2F1-172D37869151}.Release|x86.ActiveCfg = Release|Any CPU
		{90CDC03F-AAC2-45FB-A2F1-172D37869151}.Release|x86.Build.0 = Release|Any CPU
		{6F27852A-F045-4152-8E81-FD80F2E7CD17}.Debug|Any CPU.ActiveCfg = Debug|Any CPU
		{6F27852A-F045-4152-8E81-FD80F2E7CD17}.Debug|Any CPU.Build.0 = Debug|Any CPU
		{6F27852A-F045-4152-8E81-FD80F2E7CD17}.Debug|x64.ActiveCfg = Debug|Any CPU
		{6F27852A-F045-4152-8E81-FD80F2E7CD17}.Debug|x64.Build.0 = Debug|Any CPU
		{6F27852A-F045-4152-8E81-FD80F2E7CD17}.Debug|x86.ActiveCfg = Debug|Any CPU
		{6F27852A-F045-4152-8E81-FD80F2E7CD17}.Debug|x86.Build.0 = Debug|Any CPU
		{6F27852A-F045-4152-8E81-FD80F2E7CD17}.Release|Any CPU.ActiveCfg = Release|Any CPU
		{6F27852A-F045-4152-8E81-FD80F2E7CD17}.Release|Any CPU.Build.0 = Release|Any CPU
		{6F27852A-F045-4152-8E81-FD80F2E7CD17}.Release|x64.ActiveCfg = Release|Any CPU
		{6F27852A-F045-4152-8E81-FD80F2E7CD17}.Release|x64.Build.0 = Release|Any CPU
		{6F27852A-F045-4152-8E81-FD80F2E7CD17}.Release|x86.ActiveCfg = Release|Any CPU
		{6F27852A-F045-4152-8E81-FD80F2E7CD17}.Release|x86.Build.0 = Release|Any CPU
		{64D91F05-6352-4E78-AE42-7EDB2FAC3328}.Debug|Any CPU.ActiveCfg = Debug|Any CPU
		{64D91F05-6352-4E78-AE42-7EDB2FAC3328}.Debug|Any CPU.Build.0 = Debug|Any CPU
		{64D91F05-6352-4E78-AE42-7EDB2FAC3328}.Debug|x64.ActiveCfg = Debug|Any CPU
		{64D91F05-6352-4E78-AE42-7EDB2FAC3328}.Debug|x64.Build.0 = Debug|Any CPU
		{64D91F05-6352-4E78-AE42-7EDB2FAC3328}.Debug|x86.ActiveCfg = Debug|Any CPU
		{64D91F05-6352-4E78-AE42-7EDB2FAC3328}.Debug|x86.Build.0 = Debug|Any CPU
		{64D91F05-6352-4E78-AE42-7EDB2FAC3328}.Release|Any CPU.ActiveCfg = Release|Any CPU
		{64D91F05-6352-4E78-AE42-7EDB2FAC3328}.Release|Any CPU.Build.0 = Release|Any CPU
		{64D91F05-6352-4E78-AE42-7EDB2FAC3328}.Release|x64.ActiveCfg = Release|Any CPU
		{64D91F05-6352-4E78-AE42-7EDB2FAC3328}.Release|x64.Build.0 = Release|Any CPU
		{64D91F05-6352-4E78-AE42-7EDB2FAC3328}.Release|x86.ActiveCfg = Release|Any CPU
		{64D91F05-6352-4E78-AE42-7EDB2FAC3328}.Release|x86.Build.0 = Release|Any CPU
		{1B48BB9B-2555-4976-BDDB-86C53E0C6BC9}.Debug|Any CPU.ActiveCfg = Debug|x86
		{1B48BB9B-2555-4976-BDDB-86C53E0C6BC9}.Debug|Any CPU.Build.0 = Debug|x86
		{1B48BB9B-2555-4976-BDDB-86C53E0C6BC9}.Debug|x64.ActiveCfg = Debug|x64
		{1B48BB9B-2555-4976-BDDB-86C53E0C6BC9}.Debug|x64.Build.0 = Debug|x64
		{1B48BB9B-2555-4976-BDDB-86C53E0C6BC9}.Debug|x86.ActiveCfg = Debug|x86
		{1B48BB9B-2555-4976-BDDB-86C53E0C6BC9}.Debug|x86.Build.0 = Debug|x86
		{1B48BB9B-2555-4976-BDDB-86C53E0C6BC9}.Release|Any CPU.ActiveCfg = Release|x86
		{1B48BB9B-2555-4976-BDDB-86C53E0C6BC9}.Release|Any CPU.Build.0 = Release|x86
		{1B48BB9B-2555-4976-BDDB-86C53E0C6BC9}.Release|x64.ActiveCfg = Release|x64
		{1B48BB9B-2555-4976-BDDB-86C53E0C6BC9}.Release|x64.Build.0 = Release|x64
		{1B48BB9B-2555-4976-BDDB-86C53E0C6BC9}.Release|x86.ActiveCfg = Release|x86
		{1B48BB9B-2555-4976-BDDB-86C53E0C6BC9}.Release|x86.Build.0 = Release|x86
		{E6E993CC-8A06-4DE9-83CC-4892D22E6A42}.Debug|Any CPU.ActiveCfg = Debug|Any CPU
		{E6E993CC-8A06-4DE9-83CC-4892D22E6A42}.Debug|Any CPU.Build.0 = Debug|Any CPU
		{E6E993CC-8A06-4DE9-83CC-4892D22E6A42}.Debug|x64.ActiveCfg = Debug|Any CPU
		{E6E993CC-8A06-4DE9-83CC-4892D22E6A42}.Debug|x64.Build.0 = Debug|Any CPU
		{E6E993CC-8A06-4DE9-83CC-4892D22E6A42}.Debug|x86.ActiveCfg = Debug|Any CPU
		{E6E993CC-8A06-4DE9-83CC-4892D22E6A42}.Debug|x86.Build.0 = Debug|Any CPU
		{E6E993CC-8A06-4DE9-83CC-4892D22E6A42}.Release|Any CPU.ActiveCfg = Release|Any CPU
		{E6E993CC-8A06-4DE9-83CC-4892D22E6A42}.Release|Any CPU.Build.0 = Release|Any CPU
		{E6E993CC-8A06-4DE9-83CC-4892D22E6A42}.Release|x64.ActiveCfg = Release|Any CPU
		{E6E993CC-8A06-4DE9-83CC-4892D22E6A42}.Release|x64.Build.0 = Release|Any CPU
		{E6E993CC-8A06-4DE9-83CC-4892D22E6A42}.Release|x86.ActiveCfg = Release|Any CPU
		{E6E993CC-8A06-4DE9-83CC-4892D22E6A42}.Release|x86.Build.0 = Release|Any CPU
		{B37A2B45-72AB-44E3-8EA7-6308657201A6}.Debug|Any CPU.ActiveCfg = Debug|Any CPU
		{B37A2B45-72AB-44E3-8EA7-6308657201A6}.Debug|Any CPU.Build.0 = Debug|Any CPU
		{B37A2B45-72AB-44E3-8EA7-6308657201A6}.Debug|x64.ActiveCfg = Debug|Any CPU
		{B37A2B45-72AB-44E3-8EA7-6308657201A6}.Debug|x64.Build.0 = Debug|Any CPU
		{B37A2B45-72AB-44E3-8EA7-6308657201A6}.Debug|x86.ActiveCfg = Debug|Any CPU
		{B37A2B45-72AB-44E3-8EA7-6308657201A6}.Debug|x86.Build.0 = Debug|Any CPU
		{B37A2B45-72AB-44E3-8EA7-6308657201A6}.Release|Any CPU.ActiveCfg = Release|Any CPU
		{B37A2B45-72AB-44E3-8EA7-6308657201A6}.Release|Any CPU.Build.0 = Release|Any CPU
		{B37A2B45-72AB-44E3-8EA7-6308657201A6}.Release|x64.ActiveCfg = Release|Any CPU
		{B37A2B45-72AB-44E3-8EA7-6308657201A6}.Release|x64.Build.0 = Release|Any CPU
		{B37A2B45-72AB-44E3-8EA7-6308657201A6}.Release|x86.ActiveCfg = Release|Any CPU
		{B37A2B45-72AB-44E3-8EA7-6308657201A6}.Release|x86.Build.0 = Release|Any CPU
		{F4A8C289-4B2F-4B97-9A59-712EA421D903}.Debug|Any CPU.ActiveCfg = Debug|Any CPU
		{F4A8C289-4B2F-4B97-9A59-712EA421D903}.Debug|Any CPU.Build.0 = Debug|Any CPU
		{F4A8C289-4B2F-4B97-9A59-712EA421D903}.Debug|x64.ActiveCfg = Debug|Any CPU
		{F4A8C289-4B2F-4B97-9A59-712EA421D903}.Debug|x64.Build.0 = Debug|Any CPU
		{F4A8C289-4B2F-4B97-9A59-712EA421D903}.Debug|x86.ActiveCfg = Debug|Any CPU
		{F4A8C289-4B2F-4B97-9A59-712EA421D903}.Debug|x86.Build.0 = Debug|Any CPU
		{F4A8C289-4B2F-4B97-9A59-712EA421D903}.Release|Any CPU.ActiveCfg = Release|Any CPU
		{F4A8C289-4B2F-4B97-9A59-712EA421D903}.Release|Any CPU.Build.0 = Release|Any CPU
		{F4A8C289-4B2F-4B97-9A59-712EA421D903}.Release|x64.ActiveCfg = Release|Any CPU
		{F4A8C289-4B2F-4B97-9A59-712EA421D903}.Release|x64.Build.0 = Release|Any CPU
		{F4A8C289-4B2F-4B97-9A59-712EA421D903}.Release|x86.ActiveCfg = Release|Any CPU
		{F4A8C289-4B2F-4B97-9A59-712EA421D903}.Release|x86.Build.0 = Release|Any CPU
	EndGlobalSection
	GlobalSection(SolutionProperties) = preSolution
		HideSolutionNode = FALSE
	EndGlobalSection
	GlobalSection(NestedProjects) = preSolution
		{8CFD6E0A-1597-4D47-9EBA-65596F95DBCE} = {827E0CD3-B72D-47B6-A68D-7590B98EB39B}
		{90CDC03F-AAC2-45FB-A2F1-172D37869151} = {827E0CD3-B72D-47B6-A68D-7590B98EB39B}
		{6F27852A-F045-4152-8E81-FD80F2E7CD17} = {827E0CD3-B72D-47B6-A68D-7590B98EB39B}
		{64D91F05-6352-4E78-AE42-7EDB2FAC3328} = {827E0CD3-B72D-47B6-A68D-7590B98EB39B}
		{1B48BB9B-2555-4976-BDDB-86C53E0C6BC9} = {827E0CD3-B72D-47B6-A68D-7590B98EB39B}
		{E6E993CC-8A06-4DE9-83CC-4892D22E6A42} = {3D9B8B5F-C46F-42BD-9E68-95A499C4D001}
		{B37A2B45-72AB-44E3-8EA7-6308657201A6} = {3D9B8B5F-C46F-42BD-9E68-95A499C4D001}
		{F4A8C289-4B2F-4B97-9A59-712EA421D903} = {3D9B8B5F-C46F-42BD-9E68-95A499C4D001}
	EndGlobalSection
EndGlobal
